dependencies:
- name: mongodb
  repository: https://charts.bitnami.com/bitnami
  version: 10.23.8
- name: certInitializer
  repository: http://127.0.0.1:8879
  version: 8.0.0
- name: common
  repository: http://127.0.0.1:8879
  version: 8.0.0
digest: sha256:54fcf4bec99a8a922aed49077a23929d245eb6c5f6c577868bb6e816f23b7dc7
generated: "2021-08-04T09:27:12.16695882Z"
